
Microsoft Visual Studio Solution File, Format Version 12.00
# Visual Studio Version 16
VisualStudioVersion = 16.0.29411.108
MinimumVisualStudioVersion = 10.0.40219.1
Project("{FAE04EC0-301F-11D3-BF4B-00C04F79EFBC}") = "Budgetify", "Budgetify\Budgetify.csproj", "{FD821FF0-2965-4966-932A-270168B81B10}"
EndProject
Global
	GlobalSection(SolutionConfigurationPlatforms) = preSolution
		Debug|Any CPU = Debug|Any CPU
		Release|Any CPU = Release|Any CPU
	EndGlobalSection
	GlobalSection(ProjectConfigurationPlatforms) = postSolution
		{FD821FF0-2965-4966-932A-270168B81B10}.Debug|Any CPU.ActiveCfg = Debug|Any CPU
		{FD821FF0-2965-4966-932A-270168B81B10}.Debug|Any CPU.Build.0 = Debug|Any CPU
		{FD821FF0-2965-4966-932A-270168B81B10}.Release|Any CPU.ActiveCfg = Release|Any CPU
		{FD821FF0-2965-4966-932A-270168B81B10}.Release|Any CPU.Build.0 = Release|Any CPU
	EndGlobalSection
	GlobalSection(SolutionProperties) = preSolution
		HideSolutionNode = FALSE
	EndGlobalSection
	GlobalSection(ExtensibilityGlobals) = postSolution
		SolutionGuid = {3636E48A-68A0-43B0-A858-6399F64EFC26}
	EndGlobalSection
EndGlobal
